
Microsoft Visual Studio Solution File, Format Version 12.00
# Visual Studio Version 17
VisualStudioVersion = 17.11.35312.102
MinimumVisualStudioVersion = 10.0.40219.1
Project("{FAE04EC0-301F-11D3-BF4B-00C04F79EFBC}") = "December-Project-1", "Web-1\December-Project-1.csproj", "{E6C9183A-55FC-4B74-BCC3-50FC90D00A51}"
EndProject
Project("{FAE04EC0-301F-11D3-BF4B-00C04F79EFBC}") = "Ecommerce", "December-Login-1\Ecommerce.csproj", "{87A40735-24EC-455D-8C7D-6A9D2A9065D7}"
EndProject
Project("{FAE04EC0-301F-11D3-BF4B-00C04F79EFBC}") = "InterviewSchedule", "InterviewSchedule\InterviewSchedule.csproj", "{186055A0-9CD0-4036-9F7F-BBF2D690B8A3}"
EndProject
Project("{FAE04EC0-301F-11D3-BF4B-00C04F79EFBC}") = "LeaveApplication", "LeaveApplication\LeaveApplication.csproj", "{25AD2564-118A-4804-AB4F-3C19DB982BB9}"
EndProject
Project("{FAE04EC0-301F-11D3-BF4B-00C04F79EFBC}") = "OfferLetter", "OfferLetter\OfferLetter.csproj", "{FBCCEEB7-EE18-47AF-B5B5-F3F1455A5D07}"
EndProject
Project("{FAE04EC0-301F-11D3-BF4B-00C04F79EFBC}") = "HRMS", "HRMS\HRMS.csproj", "{9EFE6CA6-D7A2-4186-B3FB-1C639FAEA480}"
EndProject
Project("{FAE04EC0-301F-11D3-BF4B-00C04F79EFBC}") = "Attendence", "Attendence\Attendence.csproj", "{316362CB-6D69-4927-A59B-60ED959DBC7B}"
EndProject
Project("{FAE04EC0-301F-11D3-BF4B-00C04F79EFBC}") = "SendDoc", "SendDoc\SendDoc.csproj", "{32D4BB1E-59D4-409C-AF91-170A31CCD848}"
EndProject
Project("{FAE04EC0-301F-11D3-BF4B-00C04F79EFBC}") = "ELearning", "ELearning\ELearning.csproj", "{C0F661B9-AF96-4B7C-9A2C-83CED0AF4709}"
EndProject
Project("{FAE04EC0-301F-11D3-BF4B-00C04F79EFBC}") = "DotNetCore", "DotNetCore\DotNetCore.csproj", "{D5C71BB2-9C79-4E44-9DB5-B9C6E9194950}"
EndProject
Global
	GlobalSection(SolutionConfigurationPlatforms) = preSolution
		Debug|Any CPU = Debug|Any CPU
		Release|Any CPU = Release|Any CPU
	EndGlobalSection
	GlobalSection(ProjectConfigurationPlatforms) = postSolution
		{E6C9183A-55FC-4B74-BCC3-50FC90D00A51}.Debug|Any CPU.ActiveCfg = Debug|Any CPU
		{E6C9183A-55FC-4B74-BCC3-50FC90D00A51}.Debug|Any CPU.Build.0 = Debug|Any CPU
		{E6C9183A-55FC-4B74-BCC3-50FC90D00A51}.Release|Any CPU.ActiveCfg = Release|Any CPU
		{E6C9183A-55FC-4B74-BCC3-50FC90D00A51}.Release|Any CPU.Build.0 = Release|Any CPU
		{87A40735-24EC-455D-8C7D-6A9D2A9065D7}.Debug|Any CPU.ActiveCfg = Debug|Any CPU
		{87A40735-24EC-455D-8C7D-6A9D2A9065D7}.Debug|Any CPU.Build.0 = Debug|Any CPU
		{87A40735-24EC-455D-8C7D-6A9D2A9065D7}.Release|Any CPU.ActiveCfg = Release|Any CPU
		{87A40735-24EC-455D-8C7D-6A9D2A9065D7}.Release|Any CPU.Build.0 = Release|Any CPU
		{186055A0-9CD0-4036-9F7F-BBF2D690B8A3}.Debug|Any CPU.ActiveCfg = Debug|Any CPU
		{186055A0-9CD0-4036-9F7F-BBF2D690B8A3}.Debug|Any CPU.Build.0 = Debug|Any CPU
		{186055A0-9CD0-4036-9F7F-BBF2D690B8A3}.Release|Any CPU.ActiveCfg = Release|Any CPU
		{186055A0-9CD0-4036-9F7F-BBF2D690B8A3}.Release|Any CPU.Build.0 = Release|Any CPU
		{25AD2564-118A-4804-AB4F-3C19DB982BB9}.Debug|Any CPU.ActiveCfg = Debug|Any CPU
		{25AD2564-118A-4804-AB4F-3C19DB982BB9}.Debug|Any CPU.Build.0 = Debug|Any CPU
		{25AD2564-118A-4804-AB4F-3C19DB982BB9}.Release|Any CPU.ActiveCfg = Release|Any CPU
		{25AD2564-118A-4804-AB4F-3C19DB982BB9}.Release|Any CPU.Build.0 = Release|Any CPU
		{FBCCEEB7-EE18-47AF-B5B5-F3F1455A5D07}.Debug|Any CPU.ActiveCfg = Debug|Any CPU
		{FBCCEEB7-EE18-47AF-B5B5-F3F1455A5D07}.Debug|Any CPU.Build.0 = Debug|Any CPU
		{FBCCEEB7-EE18-47AF-B5B5-F3F1455A5D07}.Release|Any CPU.ActiveCfg = Release|Any CPU
		{FBCCEEB7-EE18-47AF-B5B5-F3F1455A5D07}.Release|Any CPU.Build.0 = Release|Any CPU
		{9EFE6CA6-D7A2-4186-B3FB-1C639FAEA480}.Debug|Any CPU.ActiveCfg = Debug|Any CPU
		{9EFE6CA6-D7A2-4186-B3FB-1C639FAEA480}.Debug|Any CPU.Build.0 = Debug|Any CPU
		{9EFE6CA6-D7A2-4186-B3FB-1C639FAEA480}.Release|Any CPU.ActiveCfg = Release|Any CPU
		{9EFE6CA6-D7A2-4186-B3FB-1C639FAEA480}.Release|Any CPU.Build.0 = Release|Any CPU
		{316362CB-6D69-4927-A59B-60ED959DBC7B}.Debug|Any CPU.ActiveCfg = Debug|Any CPU
		{316362CB-6D69-4927-A59B-60ED959DBC7B}.Debug|Any CPU.Build.0 = Debug|Any CPU
		{316362CB-6D69-4927-A59B-60ED959DBC7B}.Release|Any CPU.ActiveCfg = Release|Any CPU
		{316362CB-6D69-4927-A59B-60ED959DBC7B}.Release|Any CPU.Build.0 = Release|Any CPU
		{32D4BB1E-59D4-409C-AF91-170A31CCD848}.Debug|Any CPU.ActiveCfg = Debug|Any CPU
		{32D4BB1E-59D4-409C-AF91-170A31CCD848}.Debug|Any CPU.Build.0 = Debug|Any CPU
		{32D4BB1E-59D4-409C-AF91-170A31CCD848}.Release|Any CPU.ActiveCfg = Release|Any CPU
		{32D4BB1E-59D4-409C-AF91-170A31CCD848}.Release|Any CPU.Build.0 = Release|Any CPU
		{C0F661B9-AF96-4B7C-9A2C-83CED0AF4709}.Debug|Any CPU.ActiveCfg = Debug|Any CPU
		{C0F661B9-AF96-4B7C-9A2C-83CED0AF4709}.Debug|Any CPU.Build.0 = Debug|Any CPU
		{C0F661B9-AF96-4B7C-9A2C-83CED0AF4709}.Release|Any CPU.ActiveCfg = Release|Any CPU
		{C0F661B9-AF96-4B7C-9A2C-83CED0AF4709}.Release|Any CPU.Build.0 = Release|Any CPU
		{D5C71BB2-9C79-4E44-9DB5-B9C6E9194950}.Debug|Any CPU.ActiveCfg = Debug|Any CPU
		{D5C71BB2-9C79-4E44-9DB5-B9C6E9194950}.Debug|Any CPU.Build.0 = Debug|Any CPU
		{D5C71BB2-9C79-4E44-9DB5-B9C6E9194950}.Release|Any CPU.ActiveCfg = Release|Any CPU
		{D5C71BB2-9C79-4E44-9DB5-B9C6E9194950}.Release|Any CPU.Build.0 = Release|Any CPU
	EndGlobalSection
	GlobalSection(SolutionProperties) = preSolution
		HideSolutionNode = FALSE
	EndGlobalSection
	GlobalSection(ExtensibilityGlobals) = postSolution
		SolutionGuid = {3CF9C2A8-1B75-4F75-BE7B-F9F1F48FD8D6}
	EndGlobalSection
EndGlobal
